github.com/jchv/go-webview2 v0.0.0-20221223143126-dc24628cff85 h1:t6lhRbwURcdWgp8OsJlq6sOfWMOXP21YuiCicjutHv4=
github.com/jchv/go-webview2 v0.0.0-20221223143126-dc24628cff85/go.mod h1:/BNVc0Sw3Wj6Sz9uSxPwhCEUhhWs92hPde75K2YV24A=
github.com/jchv/go-winloader v0.0.0-20200815041850-dec1ee9a7fd5 h1:pdFFlHXY9tZXmJz+tRSm1DzYEH4ebha7cffmm607bMU=
github.com/jchv/go-winloader v0.0.0-20200815041850-dec1ee9a7fd5/go.mod h1:alcuEEnZsY1WQsagKhZDsoPCRoOijYqhZvPwLG0kzVs=
github.com/lxn/win v0.0.0-20210218163916-a377121e959e h1:H+t6A/QJMbhCSEH5rAuRxh+CtW96g0Or0Fxa9IKr4uc=
github.com/lxn/win v0.0.0-20210218163916-a377121e959e/go.mod h1:KxxjdtRkfNoYDCUP5ryK7XJJNTnpC8atvtmTheChOtk=
golang.org/x/sys v0.0.0-20200810151505-1b9f1253b3ed/go.mod h1:h1NjWce9XRLGQEsW7wpKNCjG9DtNlClVuFLEZdDNbEs=
golang.org/x/sys v0.0.0-20201018230417-eeed37f84f13/go.mod h1:h1NjWce9XRLGQEsW7wpKNCjG9DtNlClVuFLEZdDNbEs=
golang.org/x/sys v0.0.0-20210218145245-beda7e5e158e/go.mod h1:h1NjWce9XRLGQEsW7wpKNCjG9DtNlClVuFLEZdDNbEs=
golang.org/x/sys v0.22.0 h1:RI27ohtqKCnwULzJLqkv897zojh5/DwS/ENaMzUOaWI=
golang.org/x/sys v0.22.0/go.mod h1:/VUhepiaJMQUp4+oa/7Zr1D23ma6VTLIYjOOTFZPUcA=
